{
  "name": "gst-dots",
  "version": "1.0.0",
  "lockfileVersion": 3,
  "requires": true,
  "packages": {
    "": {
      "name": "gst-dots",
      "version": "1.0.0",
      "license": "MPL-2.0",
      "dependencies": {
        "@viz-js/viz": "^3.4.0",
        "fuse.js": "^7.0.0"
      }
    },
    "node_modules/@viz-js/viz": {
      "version": "3.11.0",
      "resolved": "https://registry.npmjs.org/@viz-js/viz/-/viz-3.11.0.tgz",
      "integrity": "sha512-3zoKLQUqShIhTPvBAIIgJUf5wO9aY0q+Ftzw1u26KkJX1OJjT7Z5VUqgML2GIzXJYFgjqS6a2VREMwrgChuubA==",
      "license": "MIT"
    },
    "node_modules/fuse.js": {
      "version": "7.0.0",
      "resolved": "https://registry.npmjs.org/fuse.js/-/fuse.js-7.0.0.tgz",
      "integrity": "sha512-14F4hBIxqKvD4Zz/XjDc3y94mNZN6pRv3U13Udo0lNLCWRBUsrMv2xwcF/y/Z5sV6+FQW+/ow68cHpm4sunt8Q==",
      "license": "Apache-2.0",
      "engines": {
        "node": ">=10"
      }
    }
  }
}
