
Microsoft Visual Studio Solution File, Format Version 9.00
# Visual C++ Express 2005
Project("{8BC9CEB8-8B4A-11D0-8D11-00A0C91BC942}") = "libgstriff", "libgstriff.vcproj", "{3D36330F-1F68-44F6-A712-803E819A3DCD}"
	ProjectSection(ProjectDependencies) = postProject
		{BD17F145-422C-4EC0-A756-C7675A5626B2} = {BD17F145-422C-4EC0-A756-C7675A5626B2}
	EndProjectSection
EndProject
Project("{8BC9CEB8-8B4A-11D0-8D11-00A0C91BC942}") = "libgstaudio", "libgstaudio.vcproj", "{BD17F145-422C-4EC0-A756-C7675A5626B2}"
EndProject
Project("{8BC9CEB8-8B4A-11D0-8D11-00A0C91BC942}") = "libgstadder", "libgstadder.vcproj", "{E54E1872-C90A-4FF8-A4F4-27C3F8750D44}"
EndProject
Project("{8BC9CEB8-8B4A-11D0-8D11-00A0C91BC942}") = "libgstaudioconvert", "libgstaudioconvert.vcproj", "{EA99F8DE-660D-42E9-B14D-08F34FA45AD1}"
	ProjectSection(ProjectDependencies) = postProject
		{BD17F145-422C-4EC0-A756-C7675A5626B2} = {BD17F145-422C-4EC0-A756-C7675A5626B2}
	EndProjectSection
EndProject
Project("{8BC9CEB8-8B4A-11D0-8D11-00A0C91BC942}") = "libgstaudiorate", "libgstaudiorate.vcproj", "{C51F9363-7DC1-40F7-84D3-C9D4FD67A3CA}"
EndProject
Project("{8BC9CEB8-8B4A-11D0-8D11-00A0C91BC942}") = "libgstaudioresample", "libgstaudioresample.vcproj", "{0EE3173E-FCD3-4EC6-A28F-5AE5CE7196AC}"
EndProject
Project("{8BC9CEB8-8B4A-11D0-8D11-00A0C91BC942}") = "libgstaudiotestsrc", "libgstaudiotestsrc.vcproj", "{B5CDFF9E-28E0-4915-8C3E-95EDAE2D9DE3}"
EndProject
Project("{8BC9CEB8-8B4A-11D0-8D11-00A0C91BC942}") = "libgstplaybin", "libgstplaybin.vcproj", "{7B296C12-D728-4CD8-8CF7-B8D7A433F85C}"
	ProjectSection(ProjectDependencies) = postProject
		{F7558C2A-C1BC-453C-8FDE-84F33DB73915} = {F7558C2A-C1BC-453C-8FDE-84F33DB73915}
		{80270384-C551-471F-86C2-D80FE61D9883} = {80270384-C551-471F-86C2-D80FE61D9883}
		{EA99F8DE-660D-42E9-B14D-08F34FA45AD1} = {EA99F8DE-660D-42E9-B14D-08F34FA45AD1}
		{0969BEF1-77F5-468F-9497-8470FDEC615A} = {0969BEF1-77F5-468F-9497-8470FDEC615A}
	EndProjectSection
EndProject
Project("{8BC9CEB8-8B4A-11D0-8D11-00A0C91BC942}") = "libgsttypefind", "libgsttypefind.vcproj", "{F7558C2A-C1BC-453C-8FDE-84F33DB73915}"
EndProject
Project("{8BC9CEB8-8B4A-11D0-8D11-00A0C91BC942}") = "libgstvideorate", "libgstvideorate.vcproj", "{84F3B76C-4733-4032-B51E-F8E71022AFE6}"
EndProject
Project("{8BC9CEB8-8B4A-11D0-8D11-00A0C91BC942}") = "libgstvideoscale", "libgstvideoscale.vcproj", "{557CB36F-7F92-4B43-973D-05C6BF0A6414}"
	ProjectSection(ProjectDependencies) = postProject
		{1975AEE8-05C5-42DE-8A8B-620168F9C1C9} = {1975AEE8-05C5-42DE-8A8B-620168F9C1C9}
	EndProjectSection
EndProject
Project("{8BC9CEB8-8B4A-11D0-8D11-00A0C91BC942}") = "libgstvideotestsrc", "libgstvideotestsrc.vcproj", "{7586DFA1-F847-4BEF-9105-724DD9F12C2A}"
EndProject
Project("{8BC9CEB8-8B4A-11D0-8D11-00A0C91BC942}") = "libgstvolume", "libgstvolume.vcproj", "{80270384-C551-471F-86C2-D80FE61D9883}"
	ProjectSection(ProjectDependencies) = postProject
		{CF1687EC-9097-4A86-B7FB-C1ECF9E27EA4} = {CF1687EC-9097-4A86-B7FB-C1ECF9E27EA4}
	EndProjectSection
EndProject
Project("{8BC9CEB8-8B4A-11D0-8D11-00A0C91BC942}") = "libgstdecodebin", "libgstdecodebin.vcproj", "{0969BEF1-77F5-468F-9497-8470FDEC615A}"
EndProject
Project("{8BC9CEB8-8B4A-11D0-8D11-00A0C91BC942}") = "libgstinterfaces", "libgstinterfaces.vcproj", "{CF1687EC-9097-4A86-B7FB-C1ECF9E27EA4}"
EndProject
Project("{8BC9CEB8-8B4A-11D0-8D11-00A0C91BC942}") = "libgstsubparse", "libgstsubparse.vcproj", "{C41E324E-03FD-4483-92B1-B50F6E3B6B82}"
EndProject
Project("{8BC9CEB8-8B4A-11D0-8D11-00A0C91BC942}") = "libgsttcp", "libgsttcp.vcproj", "{40412A73-43D3-4F1F-9078-DBD76705767D}"
EndProject
Project("{8BC9CEB8-8B4A-11D0-8D11-00A0C91BC942}") = "libgstvorbis", "libgstvorbis.vcproj", "{4F2E05FD-F87C-4325-8C2A-C1EEA21A483F}"
	ProjectSection(ProjectDependencies) = postProject
		{BD17F145-422C-4EC0-A756-C7675A5626B2} = {BD17F145-422C-4EC0-A756-C7675A5626B2}
		{626AF6BD-0AAB-4019-929A-2DB5CAD0419E} = {626AF6BD-0AAB-4019-929A-2DB5CAD0419E}
	EndProjectSection
EndProject
Project("{8BC9CEB8-8B4A-11D0-8D11-00A0C91BC942}") = "libgstogg", "libgstogg.vcproj", "{51E1F9C4-091E-43A0-97C1-E1B68700A5AF}"
	ProjectSection(ProjectDependencies) = postProject
		{3D36330F-1F68-44F6-A712-803E819A3DCD} = {3D36330F-1F68-44F6-A712-803E819A3DCD}
		{626AF6BD-0AAB-4019-929A-2DB5CAD0419E} = {626AF6BD-0AAB-4019-929A-2DB5CAD0419E}
	EndProjectSection
EndProject
Project("{8BC9CEB8-8B4A-11D0-8D11-00A0C91BC942}") = "libgsttheora", "libgsttheora.vcproj", "{AB7AD55A-A521-42F2-A953-623E5F059C1A}"
	ProjectSection(ProjectDependencies) = postProject
		{626AF6BD-0AAB-4019-929A-2DB5CAD0419E} = {626AF6BD-0AAB-4019-929A-2DB5CAD0419E}
	EndProjectSection
EndProject
Project("{8BC9CEB8-8B4A-11D0-8D11-00A0C91BC942}") = "libgsttag", "libgsttag.vcproj", "{626AF6BD-0AAB-4019-929A-2DB5CAD0419E}"
EndProject
Project("{8BC9CEB8-8B4A-11D0-8D11-00A0C91BC942}") = "libgstvideo", "libgstvideo.vcproj", "{1975AEE8-05C5-42DE-8A8B-620168F9C1C9}"
EndProject
Global
	GlobalSection(SolutionConfigurationPlatforms) = preSolution
		Debug|Win32 = Debug|Win32
		Release|Win32 = Release|Win32
	EndGlobalSection
	GlobalSection(ProjectConfigurationPlatforms) = postSolution
		{3D36330F-1F68-44F6-A712-803E819A3DCD}.Debug|Win32.ActiveCfg = Debug|Win32
		{3D36330F-1F68-44F6-A712-803E819A3DCD}.Debug|Win32.Build.0 = Debug|Win32
		{3D36330F-1F68-44F6-A712-803E819A3DCD}.Release|Win32.ActiveCfg = Debug|Win32
		{3D36330F-1F68-44F6-A712-803E819A3DCD}.Release|Win32.Build.0 = Debug|Win32
		{BD17F145-422C-4EC0-A756-C7675A5626B2}.Debug|Win32.ActiveCfg = Debug|Win32
		{BD17F145-422C-4EC0-A756-C7675A5626B2}.Debug|Win32.Build.0 = Debug|Win32
		{BD17F145-422C-4EC0-A756-C7675A5626B2}.Release|Win32.ActiveCfg = Debug|Win32
		{BD17F145-422C-4EC0-A756-C7675A5626B2}.Release|Win32.Build.0 = Debug|Win32
		{E54E1872-C90A-4FF8-A4F4-27C3F8750D44}.Debug|Win32.ActiveCfg = Debug|Win32
		{E54E1872-C90A-4FF8-A4F4-27C3F8750D44}.Debug|Win32.Build.0 = Debug|Win32
		{E54E1872-C90A-4FF8-A4F4-27C3F8750D44}.Release|Win32.ActiveCfg = Debug|Win32
		{E54E1872-C90A-4FF8-A4F4-27C3F8750D44}.Release|Win32.Build.0 = Debug|Win32
		{EA99F8DE-660D-42E9-B14D-08F34FA45AD1}.Debug|Win32.ActiveCfg = Debug|Win32
		{EA99F8DE-660D-42E9-B14D-08F34FA45AD1}.Debug|Win32.Build.0 = Debug|Win32
		{EA99F8DE-660D-42E9-B14D-08F34FA45AD1}.Release|Win32.ActiveCfg = Debug|Win32
		{EA99F8DE-660D-42E9-B14D-08F34FA45AD1}.Release|Win32.Build.0 = Debug|Win32
		{C51F9363-7DC1-40F7-84D3-C9D4FD67A3CA}.Debug|Win32.ActiveCfg = Debug|Win32
		{C51F9363-7DC1-40F7-84D3-C9D4FD67A3CA}.Debug|Win32.Build.0 = Debug|Win32
		{C51F9363-7DC1-40F7-84D3-C9D4FD67A3CA}.Release|Win32.ActiveCfg = Debug|Win32
		{C51F9363-7DC1-40F7-84D3-C9D4FD67A3CA}.Release|Win32.Build.0 = Debug|Win32
		{0EE3173E-FCD3-4EC6-A28F-5AE5CE7196AC}.Debug|Win32.ActiveCfg = Debug|Win32
		{0EE3173E-FCD3-4EC6-A28F-5AE5CE7196AC}.Debug|Win32.Build.0 = Debug|Win32
		{0EE3173E-FCD3-4EC6-A28F-5AE5CE7196AC}.Release|Win32.ActiveCfg = Debug|Win32
		{0EE3173E-FCD3-4EC6-A28F-5AE5CE7196AC}.Release|Win32.Build.0 = Debug|Win32
		{B5CDFF9E-28E0-4915-8C3E-95EDAE2D9DE3}.Debug|Win32.ActiveCfg = Debug|Win32
		{B5CDFF9E-28E0-4915-8C3E-95EDAE2D9DE3}.Debug|Win32.Build.0 = Debug|Win32
		{B5CDFF9E-28E0-4915-8C3E-95EDAE2D9DE3}.Release|Win32.ActiveCfg = Debug|Win32
		{B5CDFF9E-28E0-4915-8C3E-95EDAE2D9DE3}.Release|Win32.Build.0 = Debug|Win32
		{BE2600A9-5BEB-42D9-8F13-FD38FCF5B801}.Debug|Win32.ActiveCfg = Debug|Win32
		{BE2600A9-5BEB-42D9-8F13-FD38FCF5B801}.Debug|Win32.Build.0 = Debug|Win32
		{BE2600A9-5BEB-42D9-8F13-FD38FCF5B801}.Release|Win32.ActiveCfg = Debug|Win32
		{BE2600A9-5BEB-42D9-8F13-FD38FCF5B801}.Release|Win32.Build.0 = Debug|Win32
		{7B296C12-D728-4CD8-8CF7-B8D7A433F85C}.Debug|Win32.ActiveCfg = Debug|Win32
		{7B296C12-D728-4CD8-8CF7-B8D7A433F85C}.Debug|Win32.Build.0 = Debug|Win32
		{7B296C12-D728-4CD8-8CF7-B8D7A433F85C}.Release|Win32.ActiveCfg = Debug|Win32
		{7B296C12-D728-4CD8-8CF7-B8D7A433F85C}.Release|Win32.Build.0 = Debug|Win32
		{F7558C2A-C1BC-453C-8FDE-84F33DB73915}.Debug|Win32.ActiveCfg = Debug|Win32
		{F7558C2A-C1BC-453C-8FDE-84F33DB73915}.Debug|Win32.Build.0 = Debug|Win32
		{F7558C2A-C1BC-453C-8FDE-84F33DB73915}.Release|Win32.ActiveCfg = Debug|Win32
		{F7558C2A-C1BC-453C-8FDE-84F33DB73915}.Release|Win32.Build.0 = Debug|Win32
		{84F3B76C-4733-4032-B51E-F8E71022AFE6}.Debug|Win32.ActiveCfg = Debug|Win32
		{84F3B76C-4733-4032-B51E-F8E71022AFE6}.Debug|Win32.Build.0 = Debug|Win32
		{84F3B76C-4733-4032-B51E-F8E71022AFE6}.Release|Win32.ActiveCfg = Debug|Win32
		{84F3B76C-4733-4032-B51E-F8E71022AFE6}.Release|Win32.Build.0 = Debug|Win32
		{557CB36F-7F92-4B43-973D-05C6BF0A6414}.Debug|Win32.ActiveCfg = Debug|Win32
		{557CB36F-7F92-4B43-973D-05C6BF0A6414}.Debug|Win32.Build.0 = Debug|Win32
		{557CB36F-7F92-4B43-973D-05C6BF0A6414}.Release|Win32.ActiveCfg = Debug|Win32
		{557CB36F-7F92-4B43-973D-05C6BF0A6414}.Release|Win32.Build.0 = Debug|Win32
		{7586DFA1-F847-4BEF-9105-724DD9F12C2A}.Debug|Win32.ActiveCfg = Debug|Win32
		{7586DFA1-F847-4BEF-9105-724DD9F12C2A}.Debug|Win32.Build.0 = Debug|Win32
		{7586DFA1-F847-4BEF-9105-724DD9F12C2A}.Release|Win32.ActiveCfg = Debug|Win32
		{7586DFA1-F847-4BEF-9105-724DD9F12C2A}.Release|Win32.Build.0 = Debug|Win32
		{80270384-C551-471F-86C2-D80FE61D9883}.Debug|Win32.ActiveCfg = Debug|Win32
		{80270384-C551-471F-86C2-D80FE61D9883}.Debug|Win32.Build.0 = Debug|Win32
		{80270384-C551-471F-86C2-D80FE61D9883}.Release|Win32.ActiveCfg = Debug|Win32
		{80270384-C551-471F-86C2-D80FE61D9883}.Release|Win32.Build.0 = Debug|Win32
		{0969BEF1-77F5-468F-9497-8470FDEC615A}.Debug|Win32.ActiveCfg = Debug|Win32
		{0969BEF1-77F5-468F-9497-8470FDEC615A}.Debug|Win32.Build.0 = Debug|Win32
		{0969BEF1-77F5-468F-9497-8470FDEC615A}.Release|Win32.ActiveCfg = Debug|Win32
		{0969BEF1-77F5-468F-9497-8470FDEC615A}.Release|Win32.Build.0 = Debug|Win32
		{CF1687EC-9097-4A86-B7FB-C1ECF9E27EA4}.Debug|Win32.ActiveCfg = Debug|Win32
		{CF1687EC-9097-4A86-B7FB-C1ECF9E27EA4}.Debug|Win32.Build.0 = Debug|Win32
		{CF1687EC-9097-4A86-B7FB-C1ECF9E27EA4}.Release|Win32.ActiveCfg = Debug|Win32
		{CF1687EC-9097-4A86-B7FB-C1ECF9E27EA4}.Release|Win32.Build.0 = Debug|Win32
		{C41E324E-03FD-4483-92B1-B50F6E3B6B82}.Debug|Win32.ActiveCfg = Debug|Win32
		{C41E324E-03FD-4483-92B1-B50F6E3B6B82}.Release|Win32.ActiveCfg = Debug|Win32
		{40412A73-43D3-4F1F-9078-DBD76705767D}.Debug|Win32.ActiveCfg = Debug|Win32
		{40412A73-43D3-4F1F-9078-DBD76705767D}.Release|Win32.ActiveCfg = Debug|Win32
		{4F2E05FD-F87C-4325-8C2A-C1EEA21A483F}.Debug|Win32.ActiveCfg = Debug|Win32
		{4F2E05FD-F87C-4325-8C2A-C1EEA21A483F}.Debug|Win32.Build.0 = Debug|Win32
		{4F2E05FD-F87C-4325-8C2A-C1EEA21A483F}.Release|Win32.ActiveCfg = Debug|Win32
		{4F2E05FD-F87C-4325-8C2A-C1EEA21A483F}.Release|Win32.Build.0 = Debug|Win32
		{51E1F9C4-091E-43A0-97C1-E1B68700A5AF}.Debug|Win32.ActiveCfg = Debug|Win32
		{51E1F9C4-091E-43A0-97C1-E1B68700A5AF}.Debug|Win32.Build.0 = Debug|Win32
		{51E1F9C4-091E-43A0-97C1-E1B68700A5AF}.Release|Win32.ActiveCfg = Debug|Win32
		{51E1F9C4-091E-43A0-97C1-E1B68700A5AF}.Release|Win32.Build.0 = Debug|Win32
		{AB7AD55A-A521-42F2-A953-623E5F059C1A}.Debug|Win32.ActiveCfg = Debug|Win32
		{AB7AD55A-A521-42F2-A953-623E5F059C1A}.Debug|Win32.Build.0 = Debug|Win32
		{AB7AD55A-A521-42F2-A953-623E5F059C1A}.Release|Win32.ActiveCfg = Debug|Win32
		{AB7AD55A-A521-42F2-A953-623E5F059C1A}.Release|Win32.Build.0 = Debug|Win32
		{626AF6BD-0AAB-4019-929A-2DB5CAD0419E}.Debug|Win32.ActiveCfg = Debug|Win32
		{626AF6BD-0AAB-4019-929A-2DB5CAD0419E}.Debug|Win32.Build.0 = Debug|Win32
		{626AF6BD-0AAB-4019-929A-2DB5CAD0419E}.Release|Win32.ActiveCfg = Debug|Win32
		{626AF6BD-0AAB-4019-929A-2DB5CAD0419E}.Release|Win32.Build.0 = Debug|Win32
		{1975AEE8-05C5-42DE-8A8B-620168F9C1C9}.Debug|Win32.ActiveCfg = Debug|Win32
		{1975AEE8-05C5-42DE-8A8B-620168F9C1C9}.Debug|Win32.Build.0 = Debug|Win32
		{1975AEE8-05C5-42DE-8A8B-620168F9C1C9}.Release|Win32.ActiveCfg = Debug|Win32
		{1975AEE8-05C5-42DE-8A8B-620168F9C1C9}.Release|Win32.Build.0 = Debug|Win32
	EndGlobalSection
	GlobalSection(SolutionProperties) = preSolution
		HideSolutionNode = FALSE
	EndGlobalSection
EndGlobal
