
Microsoft Visual Studio Solution File, Format Version 9.00
# Visual Studio 2005
Project("{8BC9CEB8-8B4A-11D0-8D11-00A0C91BC942}") = "libgstautodetect", "libgstautodetect.vcproj", "{B6669382-7F21-42E4-9023-462F9018F865}"
EndProject
Project("{8BC9CEB8-8B4A-11D0-8D11-00A0C91BC942}") = "libgstid3demux", "libgstid3demux.vcproj", "{B6591AC3-BD2F-4C79-87C9-7F42E21251C2}"
EndProject
Project("{8BC9CEB8-8B4A-11D0-8D11-00A0C91BC942}") = "libgstavi", "libgstavi.vcproj", "{381D20B2-92DB-4205-AC64-C33A0AC40D5E}"
EndProject
Project("{8BC9CEB8-8B4A-11D0-8D11-00A0C91BC942}") = "libgstudp", "libgstudp.vcproj", "{25B084CE-AC6C-4414-B9B0-41004371934A}"
EndProject
Project("{8BC9CEB8-8B4A-11D0-8D11-00A0C91BC942}") = "libgstalaw", "libgstalaw.vcproj", "{92CBE678-6C17-11DB-9733-DDB456D89593}"
EndProject
Project("{8BC9CEB8-8B4A-11D0-8D11-00A0C91BC942}") = "libgstalpha", "libgstalpha.vcproj", "{9CC6D4D0-6C17-11DB-89C9-E3B456D89593}"
EndProject
Project("{8BC9CEB8-8B4A-11D0-8D11-00A0C91BC942}") = "libgstalphacolor", "libgstalphacolor.vcproj", "{AA003CFE-6C17-11DB-9B55-E6B456D89593}"
EndProject
Project("{8BC9CEB8-8B4A-11D0-8D11-00A0C91BC942}") = "libgstapetag", "libgstapetag.vcproj", "{B3B897FA-6C17-11DB-8D14-EFB456D89593}"
EndProject
Project("{8BC9CEB8-8B4A-11D0-8D11-00A0C91BC942}") = "libgstaudiofx", "libgstaudiofx.vcproj", "{BB0FABB0-6C17-11DB-A701-F5B456D89593}"
EndProject
Project("{8BC9CEB8-8B4A-11D0-8D11-00A0C91BC942}") = "libgstauparse", "libgstauparse.vcproj", "{C276F778-6C17-11DB-B896-00B556D89593}"
EndProject
Project("{8BC9CEB8-8B4A-11D0-8D11-00A0C91BC942}") = "libgstcutter", "libgstcutter.vcproj", "{CBF1FBE0-6C17-11DB-99AF-05B556D89593}"
EndProject
Project("{8BC9CEB8-8B4A-11D0-8D11-00A0C91BC942}") = "libgsteffectv", "libgsteffectv.vcproj", "{D103C582-6C17-11DB-8273-09B556D89593}"
EndProject
Project("{8BC9CEB8-8B4A-11D0-8D11-00A0C91BC942}") = "libgstflxdec", "libgstflxdec.vcproj", "{D778BBE8-6C17-11DB-AFE1-0DB556D89593}"
EndProject
Project("{8BC9CEB8-8B4A-11D0-8D11-00A0C91BC942}") = "libgstgoom", "libgstgoom.vcproj", "{F41C2640-6C17-11DB-9510-3DB556D89593}"
EndProject
Project("{8BC9CEB8-8B4A-11D0-8D11-00A0C91BC942}") = "libgsticydemux", "libgsticydemux.vcproj", "{FD69ECA0-6C17-11DB-BF73-62B556D89593}"
EndProject
Project("{8BC9CEB8-8B4A-11D0-8D11-00A0C91BC942}") = "libgstlevel", "libgstlevel.vcproj", "{0780A724-6C18-11DB-ACF2-70B556D89593}"
EndProject
Project("{8BC9CEB8-8B4A-11D0-8D11-00A0C91BC942}") = "libgstmatroska", "libgstmatroska.vcproj", "{0CE09E18-6C18-11DB-8579-83B556D89593}"
EndProject
Project("{8BC9CEB8-8B4A-11D0-8D11-00A0C91BC942}") = "libgstmonoscope", "libgstmonoscope.vcproj", "{16142432-6C18-11DB-A314-93B556D89593}"
EndProject
Project("{8BC9CEB8-8B4A-11D0-8D11-00A0C91BC942}") = "libgstmulaw", "libgstmulaw.vcproj", "{1B53F562-6C18-11DB-AFE1-94B556D89593}"
EndProject
Project("{8BC9CEB8-8B4A-11D0-8D11-00A0C91BC942}") = "libgstmultipart", "libgstmultipart.vcproj", "{2386631E-6C18-11DB-B2CD-9EB556D89593}"
EndProject
Project("{8BC9CEB8-8B4A-11D0-8D11-00A0C91BC942}") = "libgstrtp", "libgstrtp.vcproj", "{29E030BE-6C18-11DB-8859-A0B556D89593}"
EndProject
Project("{8BC9CEB8-8B4A-11D0-8D11-00A0C91BC942}") = "libgstrtsp", "libgstrtsp.vcproj", "{3904C230-6C18-11DB-A868-A9B556D89593}"
EndProject
Project("{8BC9CEB8-8B4A-11D0-8D11-00A0C91BC942}") = "libgstsmpte", "libgstsmpte.vcproj", "{423C0CDC-6C18-11DB-9704-AAB556D89593}"
EndProject
Project("{8BC9CEB8-8B4A-11D0-8D11-00A0C91BC942}") = "libgstvideobalance", "libgstvideobalance.vcproj", "{4B12161C-6C18-11DB-BC6F-B3B556D89593}"
EndProject
Project("{8BC9CEB8-8B4A-11D0-8D11-00A0C91BC942}") = "libgstvideobox", "libgstvideobox.vcproj", "{5330421A-6C18-11DB-A88B-BEB556D89593}"
EndProject
Project("{8BC9CEB8-8B4A-11D0-8D11-00A0C91BC942}") = "libgstvideoflip", "libgstvideoflip.vcproj", "{5A6F5C14-6C18-11DB-B1F3-D9B556D89593}"
EndProject
Project("{8BC9CEB8-8B4A-11D0-8D11-00A0C91BC942}") = "libgstvideomixer", "libgstvideomixer.vcproj", "{651409EE-6C18-11DB-AEAF-E4B556D89593}"
EndProject
Project("{8BC9CEB8-8B4A-11D0-8D11-00A0C91BC942}") = "libgstwavenc", "libgstwavenc.vcproj", "{6C6FD66E-6C18-11DB-AA23-F0B556D89593}"
EndProject
Project("{8BC9CEB8-8B4A-11D0-8D11-00A0C91BC942}") = "libgstwavparse", "libgstwavparse.vcproj", "{739D73A6-6C18-11DB-B933-F3B556D89593}"
EndProject
Project("{8BC9CEB8-8B4A-11D0-8D11-00A0C91BC942}") = "libgstflac", "libgstflac.vcproj", "{9986EFCA-6EA2-11DB-B620-FCFA55D89593}"
EndProject
Project("{8BC9CEB8-8B4A-11D0-8D11-00A0C91BC942}") = "libgstaasink", "libgstaasink.vcproj", "{A6BD695A-6EA5-11DB-BB0B-4B0156D89593}"
EndProject
Project("{8BC9CEB8-8B4A-11D0-8D11-00A0C91BC942}") = "libgstannodex", "libgstannodex.vcproj", "{D591C19A-6EA5-11DB-AF77-BD0156D89593}"
EndProject
Project("{8BC9CEB8-8B4A-11D0-8D11-00A0C91BC942}") = "libgstcdio", "libgstcdio.vcproj", "{39672A0C-6EA6-11DB-9C0E-170256D89593}"
EndProject
Project("{8BC9CEB8-8B4A-11D0-8D11-00A0C91BC942}") = "libgstdv", "libgstdv.vcproj", "{7B605CA8-6EA6-11DB-AA13-7B0256D89593}"
EndProject
Project("{8BC9CEB8-8B4A-11D0-8D11-00A0C91BC942}") = "libgstjpeg", "libgstjpeg.vcproj", "{C85765CE-6EA6-11DB-AF57-DC0256D89593}"
EndProject
Project("{8BC9CEB8-8B4A-11D0-8D11-00A0C91BC942}") = "libgstladspa", "libgstladspa.vcproj", "{248366D6-6EA7-11DB-B463-360356D89593}"
EndProject
Project("{8BC9CEB8-8B4A-11D0-8D11-00A0C91BC942}") = "libgstcacasink", "libgstcacasink.vcproj", "{6BA664FA-6EA7-11DB-BD2C-9D0356D89593}"
EndProject
Project("{8BC9CEB8-8B4A-11D0-8D11-00A0C91BC942}") = "libgstmng", "libgstmng.vcproj", "{A540149A-6EA7-11DB-8FF8-E10356D89593}"
EndProject
Project("{8BC9CEB8-8B4A-11D0-8D11-00A0C91BC942}") = "libgstpng", "libgstpng.vcproj", "{D5152638-6EA7-11DB-8D6A-1E0456D89593}"
EndProject
Project("{8BC9CEB8-8B4A-11D0-8D11-00A0C91BC942}") = "libgstmikmod", "libgstmikmod.vcproj", "{A97137F2-7036-11DB-9E40-0D7555D89593}"
EndProject
Project("{8BC9CEB8-8B4A-11D0-8D11-00A0C91BC942}") = "libgst1394", "libgst1394.vcproj", "{E7E9BA40-7036-11DB-8128-867555D89593}"
EndProject
Project("{8BC9CEB8-8B4A-11D0-8D11-00A0C91BC942}") = "libgstshout2", "libgstshout2.vcproj", "{1EACDB66-7037-11DB-B4B7-B17655D89593}"
EndProject
Project("{8BC9CEB8-8B4A-11D0-8D11-00A0C91BC942}") = "libgstspeex", "libgstspeex.vcproj", "{CDC7BC24-7037-11DB-AC6C-7F7755D89593}"
EndProject
Project("{8BC9CEB8-8B4A-11D0-8D11-00A0C91BC942}") = "libgsttaglib", "libgsttaglib.vcproj", "{0AEC363E-7038-11DB-9B86-957755D89593}"
EndProject
Project("{8BC9CEB8-8B4A-11D0-8D11-00A0C91BC942}") = "libgstdirectdraw", "libgstdirectdraw.vcproj", "{1594A623-5529-4B86-BD4A-694CF0BDB5C4}"
EndProject
Project("{8BC9CEB8-8B4A-11D0-8D11-00A0C91BC942}") = "libgstdirectsound", "libgstdirectsound.vcproj", "{566A2EB9-984C-4027-86DD-EDC7B390C679}"
EndProject
Global
	GlobalSection(SolutionConfigurationPlatforms) = preSolution
		Debug|Win32 = Debug|Win32
		Release|Win32 = Release|Win32
	EndGlobalSection
	GlobalSection(ProjectConfigurationPlatforms) = postSolution
		{B6669382-7F21-42E4-9023-462F9018F865}.Debug|Win32.ActiveCfg = Debug|Win32
		{B6669382-7F21-42E4-9023-462F9018F865}.Debug|Win32.Build.0 = Debug|Win32
		{B6669382-7F21-42E4-9023-462F9018F865}.Release|Win32.ActiveCfg = Release|Win32
		{B6669382-7F21-42E4-9023-462F9018F865}.Release|Win32.Build.0 = Release|Win32
		{B6591AC3-BD2F-4C79-87C9-7F42E21251C2}.Debug|Win32.ActiveCfg = Debug|Win32
		{B6591AC3-BD2F-4C79-87C9-7F42E21251C2}.Debug|Win32.Build.0 = Debug|Win32
		{B6591AC3-BD2F-4C79-87C9-7F42E21251C2}.Release|Win32.ActiveCfg = Release|Win32
		{B6591AC3-BD2F-4C79-87C9-7F42E21251C2}.Release|Win32.Build.0 = Release|Win32
		{381D20B2-92DB-4205-AC64-C33A0AC40D5E}.Debug|Win32.ActiveCfg = Debug|Win32
		{381D20B2-92DB-4205-AC64-C33A0AC40D5E}.Debug|Win32.Build.0 = Debug|Win32
		{381D20B2-92DB-4205-AC64-C33A0AC40D5E}.Release|Win32.ActiveCfg = Release|Win32
		{381D20B2-92DB-4205-AC64-C33A0AC40D5E}.Release|Win32.Build.0 = Release|Win32
		{25B084CE-AC6C-4414-B9B0-41004371934A}.Debug|Win32.ActiveCfg = Debug|Win32
		{25B084CE-AC6C-4414-B9B0-41004371934A}.Release|Win32.ActiveCfg = Release|Win32
		{92CBE678-6C17-11DB-9733-DDB456D89593}.Debug|Win32.ActiveCfg = Debug|Win32
		{92CBE678-6C17-11DB-9733-DDB456D89593}.Debug|Win32.Build.0 = Debug|Win32
		{92CBE678-6C17-11DB-9733-DDB456D89593}.Release|Win32.ActiveCfg = Release|Win32
		{92CBE678-6C17-11DB-9733-DDB456D89593}.Release|Win32.Build.0 = Release|Win32
		{9CC6D4D0-6C17-11DB-89C9-E3B456D89593}.Debug|Win32.ActiveCfg = Debug|Win32
		{9CC6D4D0-6C17-11DB-89C9-E3B456D89593}.Debug|Win32.Build.0 = Debug|Win32
		{9CC6D4D0-6C17-11DB-89C9-E3B456D89593}.Release|Win32.ActiveCfg = Release|Win32
		{9CC6D4D0-6C17-11DB-89C9-E3B456D89593}.Release|Win32.Build.0 = Release|Win32
		{AA003CFE-6C17-11DB-9B55-E6B456D89593}.Debug|Win32.ActiveCfg = Debug|Win32
		{AA003CFE-6C17-11DB-9B55-E6B456D89593}.Debug|Win32.Build.0 = Debug|Win32
		{AA003CFE-6C17-11DB-9B55-E6B456D89593}.Release|Win32.ActiveCfg = Release|Win32
		{AA003CFE-6C17-11DB-9B55-E6B456D89593}.Release|Win32.Build.0 = Release|Win32
		{B3B897FA-6C17-11DB-8D14-EFB456D89593}.Debug|Win32.ActiveCfg = Debug|Win32
		{B3B897FA-6C17-11DB-8D14-EFB456D89593}.Debug|Win32.Build.0 = Debug|Win32
		{B3B897FA-6C17-11DB-8D14-EFB456D89593}.Release|Win32.ActiveCfg = Release|Win32
		{B3B897FA-6C17-11DB-8D14-EFB456D89593}.Release|Win32.Build.0 = Release|Win32
		{BB0FABB0-6C17-11DB-A701-F5B456D89593}.Debug|Win32.ActiveCfg = Debug|Win32
		{BB0FABB0-6C17-11DB-A701-F5B456D89593}.Debug|Win32.Build.0 = Debug|Win32
		{BB0FABB0-6C17-11DB-A701-F5B456D89593}.Release|Win32.ActiveCfg = Release|Win32
		{BB0FABB0-6C17-11DB-A701-F5B456D89593}.Release|Win32.Build.0 = Release|Win32
		{C276F778-6C17-11DB-B896-00B556D89593}.Debug|Win32.ActiveCfg = Debug|Win32
		{C276F778-6C17-11DB-B896-00B556D89593}.Debug|Win32.Build.0 = Debug|Win32
		{C276F778-6C17-11DB-B896-00B556D89593}.Release|Win32.ActiveCfg = Release|Win32
		{C276F778-6C17-11DB-B896-00B556D89593}.Release|Win32.Build.0 = Release|Win32
		{CBF1FBE0-6C17-11DB-99AF-05B556D89593}.Debug|Win32.ActiveCfg = Debug|Win32
		{CBF1FBE0-6C17-11DB-99AF-05B556D89593}.Debug|Win32.Build.0 = Debug|Win32
		{CBF1FBE0-6C17-11DB-99AF-05B556D89593}.Release|Win32.ActiveCfg = Release|Win32
		{CBF1FBE0-6C17-11DB-99AF-05B556D89593}.Release|Win32.Build.0 = Release|Win32
		{D103C582-6C17-11DB-8273-09B556D89593}.Debug|Win32.ActiveCfg = Debug|Win32
		{D103C582-6C17-11DB-8273-09B556D89593}.Debug|Win32.Build.0 = Debug|Win32
		{D103C582-6C17-11DB-8273-09B556D89593}.Release|Win32.ActiveCfg = Release|Win32
		{D103C582-6C17-11DB-8273-09B556D89593}.Release|Win32.Build.0 = Release|Win32
		{D778BBE8-6C17-11DB-AFE1-0DB556D89593}.Debug|Win32.ActiveCfg = Debug|Win32
		{D778BBE8-6C17-11DB-AFE1-0DB556D89593}.Debug|Win32.Build.0 = Debug|Win32
		{D778BBE8-6C17-11DB-AFE1-0DB556D89593}.Release|Win32.ActiveCfg = Release|Win32
		{D778BBE8-6C17-11DB-AFE1-0DB556D89593}.Release|Win32.Build.0 = Release|Win32
		{F41C2640-6C17-11DB-9510-3DB556D89593}.Debug|Win32.ActiveCfg = Debug|Win32
		{F41C2640-6C17-11DB-9510-3DB556D89593}.Debug|Win32.Build.0 = Debug|Win32
		{F41C2640-6C17-11DB-9510-3DB556D89593}.Release|Win32.ActiveCfg = Release|Win32
		{F41C2640-6C17-11DB-9510-3DB556D89593}.Release|Win32.Build.0 = Release|Win32
		{FD69ECA0-6C17-11DB-BF73-62B556D89593}.Debug|Win32.ActiveCfg = Debug|Win32
		{FD69ECA0-6C17-11DB-BF73-62B556D89593}.Debug|Win32.Build.0 = Debug|Win32
		{FD69ECA0-6C17-11DB-BF73-62B556D89593}.Release|Win32.ActiveCfg = Release|Win32
		{FD69ECA0-6C17-11DB-BF73-62B556D89593}.Release|Win32.Build.0 = Release|Win32
		{0780A724-6C18-11DB-ACF2-70B556D89593}.Debug|Win32.ActiveCfg = Debug|Win32
		{0780A724-6C18-11DB-ACF2-70B556D89593}.Debug|Win32.Build.0 = Debug|Win32
		{0780A724-6C18-11DB-ACF2-70B556D89593}.Release|Win32.ActiveCfg = Release|Win32
		{0780A724-6C18-11DB-ACF2-70B556D89593}.Release|Win32.Build.0 = Release|Win32
		{0CE09E18-6C18-11DB-8579-83B556D89593}.Debug|Win32.ActiveCfg = Debug|Win32
		{0CE09E18-6C18-11DB-8579-83B556D89593}.Debug|Win32.Build.0 = Debug|Win32
		{0CE09E18-6C18-11DB-8579-83B556D89593}.Release|Win32.ActiveCfg = Release|Win32
		{0CE09E18-6C18-11DB-8579-83B556D89593}.Release|Win32.Build.0 = Release|Win32
		{16142432-6C18-11DB-A314-93B556D89593}.Debug|Win32.ActiveCfg = Debug|Win32
		{16142432-6C18-11DB-A314-93B556D89593}.Debug|Win32.Build.0 = Debug|Win32
		{16142432-6C18-11DB-A314-93B556D89593}.Release|Win32.ActiveCfg = Release|Win32
		{16142432-6C18-11DB-A314-93B556D89593}.Release|Win32.Build.0 = Release|Win32
		{1B53F562-6C18-11DB-AFE1-94B556D89593}.Debug|Win32.ActiveCfg = Debug|Win32
		{1B53F562-6C18-11DB-AFE1-94B556D89593}.Debug|Win32.Build.0 = Debug|Win32
		{1B53F562-6C18-11DB-AFE1-94B556D89593}.Release|Win32.ActiveCfg = Release|Win32
		{1B53F562-6C18-11DB-AFE1-94B556D89593}.Release|Win32.Build.0 = Release|Win32
		{2386631E-6C18-11DB-B2CD-9EB556D89593}.Debug|Win32.ActiveCfg = Debug|Win32
		{2386631E-6C18-11DB-B2CD-9EB556D89593}.Debug|Win32.Build.0 = Debug|Win32
		{2386631E-6C18-11DB-B2CD-9EB556D89593}.Release|Win32.ActiveCfg = Release|Win32
		{2386631E-6C18-11DB-B2CD-9EB556D89593}.Release|Win32.Build.0 = Release|Win32
		{29E030BE-6C18-11DB-8859-A0B556D89593}.Debug|Win32.ActiveCfg = Debug|Win32
		{29E030BE-6C18-11DB-8859-A0B556D89593}.Release|Win32.ActiveCfg = Release|Win32
		{3904C230-6C18-11DB-A868-A9B556D89593}.Debug|Win32.ActiveCfg = Debug|Win32
		{3904C230-6C18-11DB-A868-A9B556D89593}.Release|Win32.ActiveCfg = Release|Win32
		{423C0CDC-6C18-11DB-9704-AAB556D89593}.Debug|Win32.ActiveCfg = Debug|Win32
		{423C0CDC-6C18-11DB-9704-AAB556D89593}.Debug|Win32.Build.0 = Debug|Win32
		{423C0CDC-6C18-11DB-9704-AAB556D89593}.Release|Win32.ActiveCfg = Release|Win32
		{423C0CDC-6C18-11DB-9704-AAB556D89593}.Release|Win32.Build.0 = Release|Win32
		{4B12161C-6C18-11DB-BC6F-B3B556D89593}.Debug|Win32.ActiveCfg = Debug|Win32
		{4B12161C-6C18-11DB-BC6F-B3B556D89593}.Debug|Win32.Build.0 = Debug|Win32
		{4B12161C-6C18-11DB-BC6F-B3B556D89593}.Release|Win32.ActiveCfg = Release|Win32
		{4B12161C-6C18-11DB-BC6F-B3B556D89593}.Release|Win32.Build.0 = Release|Win32
		{5330421A-6C18-11DB-A88B-BEB556D89593}.Debug|Win32.ActiveCfg = Debug|Win32
		{5330421A-6C18-11DB-A88B-BEB556D89593}.Debug|Win32.Build.0 = Debug|Win32
		{5330421A-6C18-11DB-A88B-BEB556D89593}.Release|Win32.ActiveCfg = Release|Win32
		{5330421A-6C18-11DB-A88B-BEB556D89593}.Release|Win32.Build.0 = Release|Win32
		{5A6F5C14-6C18-11DB-B1F3-D9B556D89593}.Debug|Win32.ActiveCfg = Debug|Win32
		{5A6F5C14-6C18-11DB-B1F3-D9B556D89593}.Debug|Win32.Build.0 = Debug|Win32
		{5A6F5C14-6C18-11DB-B1F3-D9B556D89593}.Release|Win32.ActiveCfg = Release|Win32
		{5A6F5C14-6C18-11DB-B1F3-D9B556D89593}.Release|Win32.Build.0 = Release|Win32
		{651409EE-6C18-11DB-AEAF-E4B556D89593}.Debug|Win32.ActiveCfg = Debug|Win32
		{651409EE-6C18-11DB-AEAF-E4B556D89593}.Debug|Win32.Build.0 = Debug|Win32
		{651409EE-6C18-11DB-AEAF-E4B556D89593}.Release|Win32.ActiveCfg = Release|Win32
		{651409EE-6C18-11DB-AEAF-E4B556D89593}.Release|Win32.Build.0 = Release|Win32
		{6C6FD66E-6C18-11DB-AA23-F0B556D89593}.Debug|Win32.ActiveCfg = Debug|Win32
		{6C6FD66E-6C18-11DB-AA23-F0B556D89593}.Debug|Win32.Build.0 = Debug|Win32
		{6C6FD66E-6C18-11DB-AA23-F0B556D89593}.Release|Win32.ActiveCfg = Release|Win32
		{6C6FD66E-6C18-11DB-AA23-F0B556D89593}.Release|Win32.Build.0 = Release|Win32
		{739D73A6-6C18-11DB-B933-F3B556D89593}.Debug|Win32.ActiveCfg = Debug|Win32
		{739D73A6-6C18-11DB-B933-F3B556D89593}.Debug|Win32.Build.0 = Debug|Win32
		{739D73A6-6C18-11DB-B933-F3B556D89593}.Release|Win32.ActiveCfg = Release|Win32
		{739D73A6-6C18-11DB-B933-F3B556D89593}.Release|Win32.Build.0 = Release|Win32
		{9986EFCA-6EA2-11DB-B620-FCFA55D89593}.Debug|Win32.ActiveCfg = Debug|Win32
		{9986EFCA-6EA2-11DB-B620-FCFA55D89593}.Debug|Win32.Build.0 = Debug|Win32
		{9986EFCA-6EA2-11DB-B620-FCFA55D89593}.Release|Win32.ActiveCfg = Release|Win32
		{9986EFCA-6EA2-11DB-B620-FCFA55D89593}.Release|Win32.Build.0 = Release|Win32
		{A6BD695A-6EA5-11DB-BB0B-4B0156D89593}.Debug|Win32.ActiveCfg = Debug|Win32
		{A6BD695A-6EA5-11DB-BB0B-4B0156D89593}.Release|Win32.ActiveCfg = Release|Win32
		{D591C19A-6EA5-11DB-AF77-BD0156D89593}.Debug|Win32.ActiveCfg = Debug|Win32
		{D591C19A-6EA5-11DB-AF77-BD0156D89593}.Debug|Win32.Build.0 = Debug|Win32
		{D591C19A-6EA5-11DB-AF77-BD0156D89593}.Release|Win32.ActiveCfg = Release|Win32
		{D591C19A-6EA5-11DB-AF77-BD0156D89593}.Release|Win32.Build.0 = Release|Win32
		{39672A0C-6EA6-11DB-9C0E-170256D89593}.Debug|Win32.ActiveCfg = Debug|Win32
		{39672A0C-6EA6-11DB-9C0E-170256D89593}.Release|Win32.ActiveCfg = Release|Win32
		{7B605CA8-6EA6-11DB-AA13-7B0256D89593}.Debug|Win32.ActiveCfg = Debug|Win32
		{7B605CA8-6EA6-11DB-AA13-7B0256D89593}.Release|Win32.ActiveCfg = Release|Win32
		{C85765CE-6EA6-11DB-AF57-DC0256D89593}.Debug|Win32.ActiveCfg = Debug|Win32
		{C85765CE-6EA6-11DB-AF57-DC0256D89593}.Release|Win32.ActiveCfg = Release|Win32
		{248366D6-6EA7-11DB-B463-360356D89593}.Debug|Win32.ActiveCfg = Debug|Win32
		{248366D6-6EA7-11DB-B463-360356D89593}.Release|Win32.ActiveCfg = Release|Win32
		{6BA664FA-6EA7-11DB-BD2C-9D0356D89593}.Debug|Win32.ActiveCfg = Debug|Win32
		{6BA664FA-6EA7-11DB-BD2C-9D0356D89593}.Release|Win32.ActiveCfg = Release|Win32
		{A540149A-6EA7-11DB-8FF8-E10356D89593}.Debug|Win32.ActiveCfg = Debug|Win32
		{A540149A-6EA7-11DB-8FF8-E10356D89593}.Release|Win32.ActiveCfg = Release|Win32
		{D5152638-6EA7-11DB-8D6A-1E0456D89593}.Debug|Win32.ActiveCfg = Debug|Win32
		{D5152638-6EA7-11DB-8D6A-1E0456D89593}.Release|Win32.ActiveCfg = Release|Win32
		{A97137F2-7036-11DB-9E40-0D7555D89593}.Debug|Win32.ActiveCfg = Debug|Win32
		{A97137F2-7036-11DB-9E40-0D7555D89593}.Release|Win32.ActiveCfg = Release|Win32
		{E7E9BA40-7036-11DB-8128-867555D89593}.Debug|Win32.ActiveCfg = Debug|Win32
		{E7E9BA40-7036-11DB-8128-867555D89593}.Release|Win32.ActiveCfg = Release|Win32
		{1EACDB66-7037-11DB-B4B7-B17655D89593}.Debug|Win32.ActiveCfg = Debug|Win32
		{1EACDB66-7037-11DB-B4B7-B17655D89593}.Release|Win32.ActiveCfg = Release|Win32
		{CDC7BC24-7037-11DB-AC6C-7F7755D89593}.Debug|Win32.ActiveCfg = Debug|Win32
		{CDC7BC24-7037-11DB-AC6C-7F7755D89593}.Debug|Win32.Build.0 = Debug|Win32
		{CDC7BC24-7037-11DB-AC6C-7F7755D89593}.Release|Win32.ActiveCfg = Release|Win32
		{CDC7BC24-7037-11DB-AC6C-7F7755D89593}.Release|Win32.Build.0 = Release|Win32
		{0AEC363E-7038-11DB-9B86-957755D89593}.Debug|Win32.ActiveCfg = Debug|Win32
		{0AEC363E-7038-11DB-9B86-957755D89593}.Release|Win32.ActiveCfg = Release|Win32
		{1594A623-5529-4B86-BD4A-694CF0BDB5C4}.Debug|Win32.ActiveCfg = Debug|Win32
		{1594A623-5529-4B86-BD4A-694CF0BDB5C4}.Debug|Win32.Build.0 = Debug|Win32
		{1594A623-5529-4B86-BD4A-694CF0BDB5C4}.Release|Win32.ActiveCfg = Release|Win32
		{1594A623-5529-4B86-BD4A-694CF0BDB5C4}.Release|Win32.Build.0 = Release|Win32
		{566A2EB9-984C-4027-86DD-EDC7B390C679}.Debug|Win32.ActiveCfg = Debug|Win32
		{566A2EB9-984C-4027-86DD-EDC7B390C679}.Debug|Win32.Build.0 = Debug|Win32
		{566A2EB9-984C-4027-86DD-EDC7B390C679}.Release|Win32.ActiveCfg = Release|Win32
		{566A2EB9-984C-4027-86DD-EDC7B390C679}.Release|Win32.Build.0 = Release|Win32
	EndGlobalSection
	GlobalSection(SolutionProperties) = preSolution
		HideSolutionNode = FALSE
	EndGlobalSection
EndGlobal
