
Microsoft Visual Studio Solution File, Format Version 9.00
# Visual Studio 2005
Project("{8BC9CEB8-8B4A-11D0-8D11-00A0C91BC942}") = "grammar", "grammar.vcproj", "{6D7EB3D4-7E91-4D98-80EA-28A8F2E365F7}"
EndProject
Project("{8BC9CEB8-8B4A-11D0-8D11-00A0C91BC942}") = "gst-inspect", "gst-inspect.vcproj", "{8064BB40-20BE-4EDE-A555-C57D314B7CE9}"
	ProjectSection(ProjectDependencies) = postProject
		{F987873B-2B88-4B1B-B627-F70DF4F91E49} = {F987873B-2B88-4B1B-B627-F70DF4F91E49}
	EndProjectSection
EndProject
Project("{8BC9CEB8-8B4A-11D0-8D11-00A0C91BC942}") = "gst-launch", "gst-launch.vcproj", "{5E59E796-C097-4FB7-A944-9063CF9BD300}"
	ProjectSection(ProjectDependencies) = postProject
		{F987873B-2B88-4B1B-B627-F70DF4F91E49} = {F987873B-2B88-4B1B-B627-F70DF4F91E49}
	EndProjectSection
EndProject
Project("{8BC9CEB8-8B4A-11D0-8D11-00A0C91BC942}") = "libgstbase", "libgstbase.vcproj", "{4D7BC403-583B-4725-BD87-A4A2B7FD8156}"
	ProjectSection(ProjectDependencies) = postProject
		{F987873B-2B88-4B1B-B627-F70DF4F91E49} = {F987873B-2B88-4B1B-B627-F70DF4F91E49}
	EndProjectSection
EndProject
Project("{8BC9CEB8-8B4A-11D0-8D11-00A0C91BC942}") = "libgstcontroller", "libgstcontroller.vcproj", "{5B28E515-C92B-4CF2-9963-AC6EFB8B2A5C}"
	ProjectSection(ProjectDependencies) = postProject
		{F987873B-2B88-4B1B-B627-F70DF4F91E49} = {F987873B-2B88-4B1B-B627-F70DF4F91E49}
	EndProjectSection
EndProject
Project("{8BC9CEB8-8B4A-11D0-8D11-00A0C91BC942}") = "libgstcoreelements", "libgstcoreelements.vcproj", "{62D7358C-6880-40EA-93FF-21B69376C7F0}"
	ProjectSection(ProjectDependencies) = postProject
		{4D7BC403-583B-4725-BD87-A4A2B7FD8156} = {4D7BC403-583B-4725-BD87-A4A2B7FD8156}
		{F987873B-2B88-4B1B-B627-F70DF4F91E49} = {F987873B-2B88-4B1B-B627-F70DF4F91E49}
	EndProjectSection
EndProject
Project("{8BC9CEB8-8B4A-11D0-8D11-00A0C91BC942}") = "libgstreamer", "libgstreamer.vcproj", "{F987873B-2B88-4B1B-B627-F70DF4F91E49}"
	ProjectSection(ProjectDependencies) = postProject
		{6D7EB3D4-7E91-4D98-80EA-28A8F2E365F7} = {6D7EB3D4-7E91-4D98-80EA-28A8F2E365F7}
	EndProjectSection
EndProject
Global
	GlobalSection(SolutionConfigurationPlatforms) = preSolution
		Debug|Win32 = Debug|Win32
		Release|Win32 = Release|Win32
	EndGlobalSection
	GlobalSection(ProjectConfigurationPlatforms) = postSolution
		{6D7EB3D4-7E91-4D98-80EA-28A8F2E365F7}.Debug|Win32.ActiveCfg = Debug|Win32
		{6D7EB3D4-7E91-4D98-80EA-28A8F2E365F7}.Debug|Win32.Build.0 = Debug|Win32
		{6D7EB3D4-7E91-4D98-80EA-28A8F2E365F7}.Release|Win32.ActiveCfg = Release|Win32
		{6D7EB3D4-7E91-4D98-80EA-28A8F2E365F7}.Release|Win32.Build.0 = Release|Win32
		{8064BB40-20BE-4EDE-A555-C57D314B7CE9}.Debug|Win32.ActiveCfg = Debug|Win32
		{8064BB40-20BE-4EDE-A555-C57D314B7CE9}.Debug|Win32.Build.0 = Debug|Win32
		{8064BB40-20BE-4EDE-A555-C57D314B7CE9}.Release|Win32.ActiveCfg = Release|Win32
		{8064BB40-20BE-4EDE-A555-C57D314B7CE9}.Release|Win32.Build.0 = Release|Win32
		{5E59E796-C097-4FB7-A944-9063CF9BD300}.Debug|Win32.ActiveCfg = Debug|Win32
		{5E59E796-C097-4FB7-A944-9063CF9BD300}.Debug|Win32.Build.0 = Debug|Win32
		{5E59E796-C097-4FB7-A944-9063CF9BD300}.Release|Win32.ActiveCfg = Release|Win32
		{5E59E796-C097-4FB7-A944-9063CF9BD300}.Release|Win32.Build.0 = Release|Win32
		{4D7BC403-583B-4725-BD87-A4A2B7FD8156}.Debug|Win32.ActiveCfg = Debug|Win32
		{4D7BC403-583B-4725-BD87-A4A2B7FD8156}.Debug|Win32.Build.0 = Debug|Win32
		{4D7BC403-583B-4725-BD87-A4A2B7FD8156}.Release|Win32.ActiveCfg = Release|Win32
		{4D7BC403-583B-4725-BD87-A4A2B7FD8156}.Release|Win32.Build.0 = Release|Win32
		{5B28E515-C92B-4CF2-9963-AC6EFB8B2A5C}.Debug|Win32.ActiveCfg = Debug|Win32
		{5B28E515-C92B-4CF2-9963-AC6EFB8B2A5C}.Debug|Win32.Build.0 = Debug|Win32
		{5B28E515-C92B-4CF2-9963-AC6EFB8B2A5C}.Release|Win32.ActiveCfg = Release|Win32
		{5B28E515-C92B-4CF2-9963-AC6EFB8B2A5C}.Release|Win32.Build.0 = Release|Win32
		{62D7358C-6880-40EA-93FF-21B69376C7F0}.Debug|Win32.ActiveCfg = Debug|Win32
		{62D7358C-6880-40EA-93FF-21B69376C7F0}.Debug|Win32.Build.0 = Debug|Win32
		{62D7358C-6880-40EA-93FF-21B69376C7F0}.Release|Win32.ActiveCfg = Release|Win32
		{62D7358C-6880-40EA-93FF-21B69376C7F0}.Release|Win32.Build.0 = Release|Win32
		{F987873B-2B88-4B1B-B627-F70DF4F91E49}.Debug|Win32.ActiveCfg = Debug|Win32
		{F987873B-2B88-4B1B-B627-F70DF4F91E49}.Debug|Win32.Build.0 = Debug|Win32
		{F987873B-2B88-4B1B-B627-F70DF4F91E49}.Release|Win32.ActiveCfg = Release|Win32
		{F987873B-2B88-4B1B-B627-F70DF4F91E49}.Release|Win32.Build.0 = Release|Win32
	EndGlobalSection
	GlobalSection(SolutionProperties) = preSolution
		HideSolutionNode = FALSE
	EndGlobalSection
EndGlobal
