
Microsoft Visual Studio Solution File, Format Version 10.00
# Visual Studio 2008
Project("{8BC9CEB8-8B4A-11D0-8D11-00A0C91BC942}") = "mousevideooverlay", "mousevideooverlay.vcproj", "{E94F8CAA-628F-4872-8E73-AD56D34899CB}"
EndProject
Global
	GlobalSection(SolutionConfigurationPlatforms) = preSolution
		Debug|Win32 = Debug|Win32
		Release|Win32 = Release|Win32
	EndGlobalSection
	GlobalSection(ProjectConfigurationPlatforms) = postSolution
		{E94F8CAA-628F-4872-8E73-AD56D34899CB}.Debug|Win32.ActiveCfg = Debug|Win32
		{E94F8CAA-628F-4872-8E73-AD56D34899CB}.Debug|Win32.Build.0 = Debug|Win32
		{E94F8CAA-628F-4872-8E73-AD56D34899CB}.Release|Win32.ActiveCfg = Release|Win32
		{E94F8CAA-628F-4872-8E73-AD56D34899CB}.Release|Win32.Build.0 = Release|Win32
	EndGlobalSection
	GlobalSection(SolutionProperties) = preSolution
		HideSolutionNode = FALSE
	EndGlobalSection
	GlobalSection(Qt) = preSolution
		Integration = True
	EndGlobalSection
	GlobalSection(Qt) = preSolution
		Integration = True
	EndGlobalSection
EndGlobal
