Microsoft Visual Studio Solution File, Format Version 8.00
Project("{8BC9CEB8-8B4A-11D0-8D11-00A0C91BC942}") = "libgstdirectsound", "libgstdirectsound.vcproj", "{566A2EB9-984C-4027-86DD-EDC7B390C679}"
	ProjectSection(ProjectDependencies) = postProject
	EndProjectSection
EndProject
Project("{8BC9CEB8-8B4A-11D0-8D11-00A0C91BC942}") = "libgstdirectdraw", "libgstdirectdraw.vcproj", "{1594A623-5529-4B86-BD4A-694CF0BDB5C4}"
	ProjectSection(ProjectDependencies) = postProject
	EndProjectSection
EndProject
Global
	GlobalSection(SolutionConfiguration) = preSolution
		Debug = Debug
		Release = Release
	EndGlobalSection
	GlobalSection(ProjectConfiguration) = postSolution
		{566A2EB9-984C-4027-86DD-EDC7B390C679}.Debug.ActiveCfg = Debug|Win32
		{566A2EB9-984C-4027-86DD-EDC7B390C679}.Debug.Build.0 = Debug|Win32
		{566A2EB9-984C-4027-86DD-EDC7B390C679}.Release.ActiveCfg = Release|Win32
		{566A2EB9-984C-4027-86DD-EDC7B390C679}.Release.Build.0 = Release|Win32
		{1594A623-5529-4B86-BD4A-694CF0BDB5C4}.Debug.ActiveCfg = Debug|Win32
		{1594A623-5529-4B86-BD4A-694CF0BDB5C4}.Debug.Build.0 = Debug|Win32
		{1594A623-5529-4B86-BD4A-694CF0BDB5C4}.Release.ActiveCfg = Release|Win32
		{1594A623-5529-4B86-BD4A-694CF0BDB5C4}.Release.Build.0 = Release|Win32
	EndGlobalSection
	GlobalSection(ExtensibilityGlobals) = postSolution
	EndGlobalSection
	GlobalSection(ExtensibilityAddIns) = postSolution
	EndGlobalSection
EndGlobal
