Microsoft Visual Studio Solution File, Format Version 8.00
Project("{8BC9CEB8-8B4A-11D0-8D11-00A0C91BC942}") = "libgstreamer", "GStreamer.vcproj", "{FC47A187-6B10-4B19-93B5-ED7BCC75D466}"
	ProjectSection(ProjectDependencies) = postProject
	EndProjectSection
EndProject
Project("{8BC9CEB8-8B4A-11D0-8D11-00A0C91BC942}") = "gst-launch", "gst-launch.vcproj", "{0CCB8AFC-97D8-4251-9B9D-08E7DC41BB70}"
	ProjectSection(ProjectDependencies) = postProject
		{FC47A187-6B10-4B19-93B5-ED7BCC75D466} = {FC47A187-6B10-4B19-93B5-ED7BCC75D466}
	EndProjectSection
EndProject
Project("{8BC9CEB8-8B4A-11D0-8D11-00A0C91BC942}") = "gst-register", "gst-register.vcproj", "{0CCB8AFC-97D8-4251-9B9D-08E7DC41BB7E}"
	ProjectSection(ProjectDependencies) = postProject
		{FC47A187-6B10-4B19-93B5-ED7BCC75D466} = {FC47A187-6B10-4B19-93B5-ED7BCC75D466}
	EndProjectSection
EndProject
Project("{8BC9CEB8-8B4A-11D0-8D11-00A0C91BC942}") = "gst-inspect", "gst-inspect.vcproj", "{0CCB8AFC-97D8-4251-9B9D-08E7DC41BB7F}"
	ProjectSection(ProjectDependencies) = postProject
		{FC47A187-6B10-4B19-93B5-ED7BCC75D466} = {FC47A187-6B10-4B19-93B5-ED7BCC75D466}
	EndProjectSection
EndProject
Project("{8BC9CEB8-8B4A-11D0-8D11-00A0C91BC942}") = "gstelements", "gstelements.vcproj", "{0CCB8AFC-97D8-4251-9B9D-08E7DC41BB7C}"
	ProjectSection(ProjectDependencies) = postProject
		{FC47A187-6B10-4B19-93B5-ED7BCC75D466} = {FC47A187-6B10-4B19-93B5-ED7BCC75D466}
	EndProjectSection
EndProject
Project("{8BC9CEB8-8B4A-11D0-8D11-00A0C91BC942}") = "gstoptimalscheduler", "gstoptimalscheduler.vcproj", "{0CCB8AFC-97D8-4251-9B9D-08E7DC41BB7B}"
	ProjectSection(ProjectDependencies) = postProject
		{FC47A187-6B10-4B19-93B5-ED7BCC75D466} = {FC47A187-6B10-4B19-93B5-ED7BCC75D466}
	EndProjectSection
EndProject
Project("{8BC9CEB8-8B4A-11D0-8D11-00A0C91BC942}") = "gstspider", "gstspider.vcproj", "{0CCB8AFC-97D8-4251-9B9D-08E7DC41BB7A}"
	ProjectSection(ProjectDependencies) = postProject
		{FC47A187-6B10-4B19-93B5-ED7BCC75D466} = {FC47A187-6B10-4B19-93B5-ED7BCC75D466}
	EndProjectSection
EndProject
Project("{8BC9CEB8-8B4A-11D0-8D11-00A0C91BC942}") = "gstbytestream", "gstbytestream.vcproj", "{0CCB8AFC-97D8-4251-9B9D-08E7DC41BB7D}"
	ProjectSection(ProjectDependencies) = postProject
		{FC47A187-6B10-4B19-93B5-ED7BCC75D466} = {FC47A187-6B10-4B19-93B5-ED7BCC75D466}
	EndProjectSection
EndProject
Project("{8BC9CEB8-8B4A-11D0-8D11-00A0C91BC942}") = "gstgetbits", "gstgetbits.vcproj", "{0CCB8AFC-97D8-4251-9B9D-08E7DC41BA7D}"
	ProjectSection(ProjectDependencies) = postProject
		{FC47A187-6B10-4B19-93B5-ED7BCC75D466} = {FC47A187-6B10-4B19-93B5-ED7BCC75D466}
	EndProjectSection
EndProject
Global
	GlobalSection(SolutionConfiguration) = preSolution
		Debug = Debug
		Release = Release
	EndGlobalSection
	GlobalSection(ProjectConfiguration) = postSolution
		{FC47A187-6B10-4B19-93B5-ED7BCC75D466}.Debug.ActiveCfg = Debug|Win32
		{FC47A187-6B10-4B19-93B5-ED7BCC75D466}.Debug.Build.0 = Debug|Win32
		{FC47A187-6B10-4B19-93B5-ED7BCC75D466}.Release.ActiveCfg = Release|Win32
		{FC47A187-6B10-4B19-93B5-ED7BCC75D466}.Release.Build.0 = Release|Win32
		{0CCB8AFC-97D8-4251-9B9D-08E7DC41BB70}.Debug.ActiveCfg = Debug|Win32
		{0CCB8AFC-97D8-4251-9B9D-08E7DC41BB70}.Debug.Build.0 = Debug|Win32
		{0CCB8AFC-97D8-4251-9B9D-08E7DC41BB70}.Release.ActiveCfg = Release|Win32
		{0CCB8AFC-97D8-4251-9B9D-08E7DC41BB70}.Release.Build.0 = Release|Win32
		{0CCB8AFC-97D8-4251-9B9D-08E7DC41BB7E}.Debug.ActiveCfg = Debug|Win32
		{0CCB8AFC-97D8-4251-9B9D-08E7DC41BB7E}.Debug.Build.0 = Debug|Win32
		{0CCB8AFC-97D8-4251-9B9D-08E7DC41BB7E}.Release.ActiveCfg = Release|Win32
		{0CCB8AFC-97D8-4251-9B9D-08E7DC41BB7E}.Release.Build.0 = Release|Win32
		{0CCB8AFC-97D8-4251-9B9D-08E7DC41BB7F}.Debug.ActiveCfg = Debug|Win32
		{0CCB8AFC-97D8-4251-9B9D-08E7DC41BB7F}.Debug.Build.0 = Debug|Win32
		{0CCB8AFC-97D8-4251-9B9D-08E7DC41BB7F}.Release.ActiveCfg = Release|Win32
		{0CCB8AFC-97D8-4251-9B9D-08E7DC41BB7F}.Release.Build.0 = Release|Win32
		{0CCB8AFC-97D8-4251-9B9D-08E7DC41BB7C}.Debug.ActiveCfg = Debug|Win32
		{0CCB8AFC-97D8-4251-9B9D-08E7DC41BB7C}.Debug.Build.0 = Debug|Win32
		{0CCB8AFC-97D8-4251-9B9D-08E7DC41BB7C}.Release.ActiveCfg = Release|Win32
		{0CCB8AFC-97D8-4251-9B9D-08E7DC41BB7C}.Release.Build.0 = Release|Win32
		{0CCB8AFC-97D8-4251-9B9D-08E7DC41BB7B}.Debug.ActiveCfg = Debug|Win32
		{0CCB8AFC-97D8-4251-9B9D-08E7DC41BB7B}.Debug.Build.0 = Debug|Win32
		{0CCB8AFC-97D8-4251-9B9D-08E7DC41BB7B}.Release.ActiveCfg = Release|Win32
		{0CCB8AFC-97D8-4251-9B9D-08E7DC41BB7B}.Release.Build.0 = Release|Win32
		{0CCB8AFC-97D8-4251-9B9D-08E7DC41BB7A}.Debug.ActiveCfg = Debug|Win32
		{0CCB8AFC-97D8-4251-9B9D-08E7DC41BB7A}.Debug.Build.0 = Debug|Win32
		{0CCB8AFC-97D8-4251-9B9D-08E7DC41BB7A}.Release.ActiveCfg = Release|Win32
		{0CCB8AFC-97D8-4251-9B9D-08E7DC41BB7A}.Release.Build.0 = Release|Win32
		{0CCB8AFC-97D8-4251-9B9D-08E7DC41BB7D}.Debug.ActiveCfg = Debug|Win32
		{0CCB8AFC-97D8-4251-9B9D-08E7DC41BB7D}.Debug.Build.0 = Debug|Win32
		{0CCB8AFC-97D8-4251-9B9D-08E7DC41BB7D}.Release.ActiveCfg = Release|Win32
		{0CCB8AFC-97D8-4251-9B9D-08E7DC41BB7D}.Release.Build.0 = Release|Win32
		{0CCB8AFC-97D8-4251-9B9D-08E7DC41BA7D}.Debug.ActiveCfg = Debug|Win32
		{0CCB8AFC-97D8-4251-9B9D-08E7DC41BA7D}.Debug.Build.0 = Debug|Win32
		{0CCB8AFC-97D8-4251-9B9D-08E7DC41BA7D}.Release.ActiveCfg = Release|Win32
		{0CCB8AFC-97D8-4251-9B9D-08E7DC41BA7D}.Release.Build.0 = Release|Win32
	EndGlobalSection
	GlobalSection(ExtensibilityGlobals) = postSolution
	EndGlobalSection
	GlobalSection(ExtensibilityAddIns) = postSolution
	EndGlobalSection
EndGlobal
