Microsoft Visual Studio Solution File, Format Version 8.00
Project("{8BC9CEB8-8B4A-11D0-8D11-00A0C91BC942}") = "GStreamer", "GStreamer.vcproj", "{FC47A187-6B10-4B19-93B5-ED7BCC75D466}"
	ProjectSection(ProjectDependencies) = postProject
		{54A61913-7439-41EF-BB66-45401FFBB9F7} = {54A61913-7439-41EF-BB66-45401FFBB9F7}
		{54A61913-7439-41EF-BB66-45401FFBB9F7} = {54A61913-7439-41EF-BB66-45401FFBB9F7}
		{54A61913-7439-41EF-BB66-45401FFBB9F7} = {54A61913-7439-41EF-BB66-45401FFBB9F7}
		{54A61913-7439-41EF-BB66-45401FFBB9F7} = {54A61913-7439-41EF-BB66-45401FFBB9F7}
		{54A61913-7439-41EF-BB66-45401FFBB9F7} = {54A61913-7439-41EF-BB66-45401FFBB9F7}
		{54A61913-7439-41EF-BB66-45401FFBB9F7} = {54A61913-7439-41EF-BB66-45401FFBB9F7}
	EndProjectSection
EndProject
Project("{8BC9CEB8-8B4A-11D0-8D11-00A0C91BC942}") = "GLib", "..\..\glib\win32\GLib-msvc71.vcproj", "{54A61913-7439-41EF-BB66-45401FFBB9F7}"
	ProjectSection(ProjectDependencies) = postProject
	EndProjectSection
EndProject
Project("{8BC9CEB8-8B4A-11D0-8D11-00A0C91BC942}") = "GObject", "..\..\glib\win32\GObject-msvc71.vcproj", "{54A61913-7439-41EF-BB66-45401FFBB9F7}"
	ProjectSection(ProjectDependencies) = postProject
		{54A61913-7439-41EF-BB66-45401FFBB9F7} = {54A61913-7439-41EF-BB66-45401FFBB9F7}
		{54A61913-7439-41EF-BB66-45401FFBB9F7} = {54A61913-7439-41EF-BB66-45401FFBB9F7}
	EndProjectSection
EndProject
Project("{8BC9CEB8-8B4A-11D0-8D11-00A0C91BC942}") = "GModule", "..\..\glib\win32\GModule-msvc71.vcproj", "{54A61913-7439-41EF-BB66-45401FFBB9F7}"
	ProjectSection(ProjectDependencies) = postProject
		{54A61913-7439-41EF-BB66-45401FFBB9F7} = {54A61913-7439-41EF-BB66-45401FFBB9F7}
	EndProjectSection
EndProject
Project("{8BC9CEB8-8B4A-11D0-8D11-00A0C91BC942}") = "GThread", "..\..\glib\win32\GThread-msvc71.vcproj", "{54A61913-7439-41EF-BB66-45401FFBB9F7}"
	ProjectSection(ProjectDependencies) = postProject
	EndProjectSection
EndProject
Project("{8BC9CEB8-8B4A-11D0-8D11-00A0C91BC942}") = "gst-launch", "gst-launch.vcproj", "{0CCB8AFC-97D8-4251-9B9D-08E7DC41BB7E}"
	ProjectSection(ProjectDependencies) = postProject
		{54A61913-7439-41EF-BB66-45401FFBB9F7} = {54A61913-7439-41EF-BB66-45401FFBB9F7}
		{54A61913-7439-41EF-BB66-45401FFBB9F7} = {54A61913-7439-41EF-BB66-45401FFBB9F7}
		{FC47A187-6B10-4B19-93B5-ED7BCC75D466} = {FC47A187-6B10-4B19-93B5-ED7BCC75D466}
	EndProjectSection
EndProject
Project("{8BC9CEB8-8B4A-11D0-8D11-00A0C91BC942}") = "gst-register", "gst-register.vcproj", "{0CCB8AFC-97D8-4251-9B9D-08E7DC41BB7E}"
	ProjectSection(ProjectDependencies) = postProject
		{54A61913-7439-41EF-BB66-45401FFBB9F7} = {54A61913-7439-41EF-BB66-45401FFBB9F7}
		{FC47A187-6B10-4B19-93B5-ED7BCC75D466} = {FC47A187-6B10-4B19-93B5-ED7BCC75D466}
	EndProjectSection
EndProject
Project("{8BC9CEB8-8B4A-11D0-8D11-00A0C91BC942}") = "gst-inspect", "gst-inspect.vcproj", "{0CCB8AFC-97D8-4251-9B9D-08E7DC41BB7E}"
	ProjectSection(ProjectDependencies) = postProject
		{54A61913-7439-41EF-BB66-45401FFBB9F7} = {54A61913-7439-41EF-BB66-45401FFBB9F7}
		{FC47A187-6B10-4B19-93B5-ED7BCC75D466} = {FC47A187-6B10-4B19-93B5-ED7BCC75D466}
	EndProjectSection
EndProject
Project("{8BC9CEB8-8B4A-11D0-8D11-00A0C91BC942}") = "gstelements", "gstelements.vcproj", "{0CCB8AFC-97D8-4251-9B9D-08E7DC41BB7E}"
	ProjectSection(ProjectDependencies) = postProject
		{54A61913-7439-41EF-BB66-45401FFBB9F7} = {54A61913-7439-41EF-BB66-45401FFBB9F7}
		{FC47A187-6B10-4B19-93B5-ED7BCC75D466} = {FC47A187-6B10-4B19-93B5-ED7BCC75D466}
	EndProjectSection
EndProject
Project("{8BC9CEB8-8B4A-11D0-8D11-00A0C91BC942}") = "gstoptimalscheduler", "gstoptimalscheduler.vcproj", "{0CCB8AFC-97D8-4251-9B9D-08E7DC41BB7E}"
	ProjectSection(ProjectDependencies) = postProject
		{FC47A187-6B10-4B19-93B5-ED7BCC75D466} = {FC47A187-6B10-4B19-93B5-ED7BCC75D466}
	EndProjectSection
EndProject
Project("{8BC9CEB8-8B4A-11D0-8D11-00A0C91BC942}") = "gstspider", "gstspider.vcproj", "{0CCB8AFC-97D8-4251-9B9D-08E7DC41BB7E}"
	ProjectSection(ProjectDependencies) = postProject
		{FC47A187-6B10-4B19-93B5-ED7BCC75D466} = {FC47A187-6B10-4B19-93B5-ED7BCC75D466}
	EndProjectSection
EndProject
Project("{8BC9CEB8-8B4A-11D0-8D11-00A0C91BC942}") = "gstbytestream", "gstbytestream.vcproj", "{0CCB8AFC-97D8-4251-9B9D-08E7DC41BB7E}"
	ProjectSection(ProjectDependencies) = postProject
		{FC47A187-6B10-4B19-93B5-ED7BCC75D466} = {FC47A187-6B10-4B19-93B5-ED7BCC75D466}
	EndProjectSection
EndProject
Project("{8BC9CEB8-8B4A-11D0-8D11-00A0C91BC942}") = "glib-marshal", "..\..\glib\win32\glib-marshal-msvc71.vcproj", "{D009C213-89B9-4FFD-9C02-690E99996A28}"
	ProjectSection(ProjectDependencies) = postProject
		{54A61913-7439-41EF-BB66-45401FFBB9F7} = {54A61913-7439-41EF-BB66-45401FFBB9F7}
	EndProjectSection
EndProject
Global
	GlobalSection(SolutionConfiguration) = preSolution
		Debug = Debug
		Release = Release
	EndGlobalSection
	GlobalSection(ProjectConfiguration) = postSolution
		{FC47A187-6B10-4B19-93B5-ED7BCC75D466}.Debug.ActiveCfg = Debug|Win32
		{FC47A187-6B10-4B19-93B5-ED7BCC75D466}.Debug.Build.0 = Debug|Win32
		{FC47A187-6B10-4B19-93B5-ED7BCC75D466}.Release.ActiveCfg = Release|Win32
		{FC47A187-6B10-4B19-93B5-ED7BCC75D466}.Release.Build.0 = Release|Win32
		{54A61913-7439-41EF-BB66-45401FFBB9F7}.Debug.ActiveCfg = Debug|Win32
		{54A61913-7439-41EF-BB66-45401FFBB9F7}.Debug.Build.0 = Debug|Win32
		{54A61913-7439-41EF-BB66-45401FFBB9F7}.Release.ActiveCfg = Release|Win32
		{54A61913-7439-41EF-BB66-45401FFBB9F7}.Release.Build.0 = Release|Win32
		{54A61913-7439-41EF-BB66-45401FFBB9F7}.Debug.ActiveCfg = Debug|Win32
		{54A61913-7439-41EF-BB66-45401FFBB9F7}.Debug.Build.0 = Debug|Win32
		{54A61913-7439-41EF-BB66-45401FFBB9F7}.Release.ActiveCfg = Release|Win32
		{54A61913-7439-41EF-BB66-45401FFBB9F7}.Release.Build.0 = Release|Win32
		{54A61913-7439-41EF-BB66-45401FFBB9F7}.Debug.ActiveCfg = Debug|Win32
		{54A61913-7439-41EF-BB66-45401FFBB9F7}.Debug.Build.0 = Debug|Win32
		{54A61913-7439-41EF-BB66-45401FFBB9F7}.Release.ActiveCfg = Release|Win32
		{54A61913-7439-41EF-BB66-45401FFBB9F7}.Release.Build.0 = Release|Win32
		{54A61913-7439-41EF-BB66-45401FFBB9F7}.Debug.ActiveCfg = Debug|Win32
		{54A61913-7439-41EF-BB66-45401FFBB9F7}.Debug.Build.0 = Debug|Win32
		{54A61913-7439-41EF-BB66-45401FFBB9F7}.Release.ActiveCfg = Release|Win32
		{54A61913-7439-41EF-BB66-45401FFBB9F7}.Release.Build.0 = Release|Win32
		{0CCB8AFC-97D8-4251-9B9D-08E7DC41BB7E}.Debug.ActiveCfg = Debug|Win32
		{0CCB8AFC-97D8-4251-9B9D-08E7DC41BB7E}.Debug.Build.0 = Debug|Win32
		{0CCB8AFC-97D8-4251-9B9D-08E7DC41BB7E}.Release.ActiveCfg = Release|Win32
		{0CCB8AFC-97D8-4251-9B9D-08E7DC41BB7E}.Release.Build.0 = Release|Win32
		{0CCB8AFC-97D8-4251-9B9D-08E7DC41BB7E}.Debug.ActiveCfg = Debug|Win32
		{0CCB8AFC-97D8-4251-9B9D-08E7DC41BB7E}.Debug.Build.0 = Debug|Win32
		{0CCB8AFC-97D8-4251-9B9D-08E7DC41BB7E}.Release.ActiveCfg = Release|Win32
		{0CCB8AFC-97D8-4251-9B9D-08E7DC41BB7E}.Release.Build.0 = Release|Win32
		{0CCB8AFC-97D8-4251-9B9D-08E7DC41BB7E}.Debug.ActiveCfg = Debug|Win32
		{0CCB8AFC-97D8-4251-9B9D-08E7DC41BB7E}.Debug.Build.0 = Debug|Win32
		{0CCB8AFC-97D8-4251-9B9D-08E7DC41BB7E}.Release.ActiveCfg = Release|Win32
		{0CCB8AFC-97D8-4251-9B9D-08E7DC41BB7E}.Release.Build.0 = Release|Win32
		{0CCB8AFC-97D8-4251-9B9D-08E7DC41BB7E}.Debug.ActiveCfg = Debug|Win32
		{0CCB8AFC-97D8-4251-9B9D-08E7DC41BB7E}.Debug.Build.0 = Debug|Win32
		{0CCB8AFC-97D8-4251-9B9D-08E7DC41BB7E}.Release.ActiveCfg = Release|Win32
		{0CCB8AFC-97D8-4251-9B9D-08E7DC41BB7E}.Release.Build.0 = Release|Win32
		{0CCB8AFC-97D8-4251-9B9D-08E7DC41BB7E}.Debug.ActiveCfg = Debug|Win32
		{0CCB8AFC-97D8-4251-9B9D-08E7DC41BB7E}.Debug.Build.0 = Debug|Win32
		{0CCB8AFC-97D8-4251-9B9D-08E7DC41BB7E}.Release.ActiveCfg = Release|Win32
		{0CCB8AFC-97D8-4251-9B9D-08E7DC41BB7E}.Release.Build.0 = Release|Win32
		{0CCB8AFC-97D8-4251-9B9D-08E7DC41BB7E}.Debug.ActiveCfg = Debug|Win32
		{0CCB8AFC-97D8-4251-9B9D-08E7DC41BB7E}.Debug.Build.0 = Debug|Win32
		{0CCB8AFC-97D8-4251-9B9D-08E7DC41BB7E}.Release.ActiveCfg = Release|Win32
		{0CCB8AFC-97D8-4251-9B9D-08E7DC41BB7E}.Release.Build.0 = Release|Win32
		{0CCB8AFC-97D8-4251-9B9D-08E7DC41BB7E}.Debug.ActiveCfg = Debug|Win32
		{0CCB8AFC-97D8-4251-9B9D-08E7DC41BB7E}.Debug.Build.0 = Debug|Win32
		{0CCB8AFC-97D8-4251-9B9D-08E7DC41BB7E}.Release.ActiveCfg = Release|Win32
		{0CCB8AFC-97D8-4251-9B9D-08E7DC41BB7E}.Release.Build.0 = Release|Win32
		{D009C213-89B9-4FFD-9C02-690E99996A28}.Debug.ActiveCfg = Debug|Win32
		{D009C213-89B9-4FFD-9C02-690E99996A28}.Debug.Build.0 = Debug|Win32
		{D009C213-89B9-4FFD-9C02-690E99996A28}.Release.ActiveCfg = Release|Win32
		{D009C213-89B9-4FFD-9C02-690E99996A28}.Release.Build.0 = Release|Win32
	EndGlobalSection
	GlobalSection(ExtensibilityGlobals) = postSolution
	EndGlobalSection
	GlobalSection(ExtensibilityAddIns) = postSolution
	EndGlobalSection
EndGlobal
