
Microsoft Visual Studio Solution File, Format Version 10.00
# Visual Studio 2008
Project("{8BC9CEB8-8B4A-11D0-8D11-00A0C91BC942}") = "libgstdshowsrcwrapper", "libgstdshowsrcwrapper.vcproj", "{FDA05A8C-7BCF-43A5-992D-FC7323638FF0}"
EndProject
Global
	GlobalSection(SolutionConfigurationPlatforms) = preSolution
		Debug_MBCS|Win32 = Debug_MBCS|Win32
		Debug|Win32 = Debug|Win32
		Release_MBCS|Win32 = Release_MBCS|Win32
		Release|Win32 = Release|Win32
	EndGlobalSection
	GlobalSection(ProjectConfigurationPlatforms) = postSolution
		{FDA05A8C-7BCF-43A5-992D-FC7323638FF0}.Debug_MBCS|Win32.ActiveCfg = Debug|Win32
		{FDA05A8C-7BCF-43A5-992D-FC7323638FF0}.Debug_MBCS|Win32.Build.0 = Debug|Win32
		{FDA05A8C-7BCF-43A5-992D-FC7323638FF0}.Debug|Win32.ActiveCfg = Debug|Win32
		{FDA05A8C-7BCF-43A5-992D-FC7323638FF0}.Debug|Win32.Build.0 = Debug|Win32
		{FDA05A8C-7BCF-43A5-992D-FC7323638FF0}.Release_MBCS|Win32.ActiveCfg = Release_MBCS|Win32
		{FDA05A8C-7BCF-43A5-992D-FC7323638FF0}.Release_MBCS|Win32.Build.0 = Release_MBCS|Win32
		{FDA05A8C-7BCF-43A5-992D-FC7323638FF0}.Release|Win32.ActiveCfg = Release|Win32
		{FDA05A8C-7BCF-43A5-992D-FC7323638FF0}.Release|Win32.Build.0 = Release|Win32
	EndGlobalSection
	GlobalSection(SolutionProperties) = preSolution
		HideSolutionNode = FALSE
	EndGlobalSection
EndGlobal
